
Microsoft Visual Studio Solution File, Format Version 12.00
# Visual Studio Version 16
VisualStudioVersion = 16.0.31702.278
MinimumVisualStudioVersion = 10.0.40219.1
Project("{FAE04EC0-301F-11D3-BF4B-00C04F79EFBC}") = "Despachos", "Despachos\Despachos.csproj", "{19CE9D0E-ADAD-4639-A820-B97113963FFF}"
	ProjectSection(ProjectDependencies) = postProject
		{EC237971-56D9-4F51-B348-4E1FADFFC9C7} = {EC237971-56D9-4F51-B348-4E1FADFFC9C7}
	EndProjectSection
EndProject
Project("{FAE04EC0-301F-11D3-BF4B-00C04F79EFBC}") = "Logica", "Logica\Logica.csproj", "{EC237971-56D9-4F51-B348-4E1FADFFC9C7}"
EndProject
Global
	GlobalSection(SolutionConfigurationPlatforms) = preSolution
		Debug|Any CPU = Debug|Any CPU
		Release|Any CPU = Release|Any CPU
	EndGlobalSection
	GlobalSection(ProjectConfigurationPlatforms) = postSolution
		{19CE9D0E-ADAD-4639-A820-B97113963FFF}.Debug|Any CPU.ActiveCfg = Debug|Any CPU
		{19CE9D0E-ADAD-4639-A820-B97113963FFF}.Debug|Any CPU.Build.0 = Debug|Any CPU
		{19CE9D0E-ADAD-4639-A820-B97113963FFF}.Release|Any CPU.ActiveCfg = Release|Any CPU
		{19CE9D0E-ADAD-4639-A820-B97113963FFF}.Release|Any CPU.Build.0 = Release|Any CPU
		{EC237971-56D9-4F51-B348-4E1FADFFC9C7}.Debug|Any CPU.ActiveCfg = Debug|Any CPU
		{EC237971-56D9-4F51-B348-4E1FADFFC9C7}.Debug|Any CPU.Build.0 = Debug|Any CPU
		{EC237971-56D9-4F51-B348-4E1FADFFC9C7}.Release|Any CPU.ActiveCfg = Release|Any CPU
		{EC237971-56D9-4F51-B348-4E1FADFFC9C7}.Release|Any CPU.Build.0 = Release|Any CPU
	EndGlobalSection
	GlobalSection(SolutionProperties) = preSolution
		HideSolutionNode = FALSE
	EndGlobalSection
	GlobalSection(ExtensibilityGlobals) = postSolution
		SolutionGuid = {6496C1CF-A8B5-4130-A546-3320F3B3847E}
	EndGlobalSection
EndGlobal
